# THIS IS AN AUTOGENERATED FILE. DO NOT EDIT THIS FILE DIRECTLY.
# yarn lockfile v1


commander@7:
  version "7.2.0"
  resolved "https://registry.yarnpkg.com/commander/-/commander-7.2.0.tgz#a36cb57d0b501ce108e4d20559a150a391d97ab7"
  integrity sha512-QrWXB+ZQSVPmIWIhtEO9H+gwHaMGYiF5ChvoJ+K9ZGHG/sVsa6yiesAD1GC/x46sET00Xlwo1u49RVVVzvcSkw==

cssesc@^3.0.0:
  version "3.0.0"
  resolved "https://registry.yarnpkg.com/cssesc/-/cssesc-3.0.0.tgz#37741919903b868565e1c09ea747445cd18983ee"
  integrity sha512-/Tb/JcjK111nNScGob5MNtsntNM1aCNUDipB/TkwZFhyDrrE47SOx/18wF2bbjgc3ZzCSKW1T5nt5EbFoAz/Vg==

"d3-array@2 - 3", "d3-array@2.10.0 - 3", "d3-array@2.5.0 - 3", d3-array@3:
  version "3.1.4"
  resolved "https://registry.yarnpkg.com/d3-array/-/d3-array-3.1.4.tgz#f7edb5bfcf6d939d0f6a561876ab281c466ea693"
  integrity sha512-H8lM97Gr9+LAR4WVHETCMt6LlWtLJVMCKsz1ojors+/PvAs2QqdLa20BuYvU11/DU+nLF0GVWL5Rv3jSgo2KmA==
  dependencies:
    internmap "1 - 2"

d3-axis@3:
  version "3.0.0"
  resolved "https://registry.yarnpkg.com/d3-axis/-/d3-axis-3.0.0.tgz#c42a4a13e8131d637b745fc2973824cfeaf93322"
  integrity sha512-IH5tgjV4jE/GhHkRV0HiVYPDtvfjHQlQfJHs0usq7M30XcSBvOotpmH1IgkcXsO/5gEQZD43B//fc7SRT5S+xw==

d3-brush@3:
  version "3.0.0"
  resolved "https://registry.yarnpkg.com/d3-brush/-/d3-brush-3.0.0.tgz#6f767c4ed8dcb79de7ede3e1c0f89e63ef64d31c"
  integrity sha512-ALnjWlVYkXsVIGlOsuWH1+3udkYFI48Ljihfnh8FZPF2QS9o+PzGLBslO0PjzVoHLZ2KCVgAM8NVkXPJB2aNnQ==
  dependencies:
    d3-dispatch "1 - 3"
    d3-drag "2 - 3"
    d3-interpolate "1 - 3"
    d3-selection "3"
    d3-transition "3"

d3-chord@3:
  version "3.0.1"
  resolved "https://registry.yarnpkg.com/d3-chord/-/d3-chord-3.0.1.tgz#d156d61f485fce8327e6abf339cb41d8cbba6966"
  integrity sha512-VE5S6TNa+j8msksl7HwjxMHDM2yNK3XCkusIlpX5kwauBfXuyLAtNg9jCp/iHH61tgI4sb6R/EIMWCqEIdjT/g==
  dependencies:
    d3-path "1 - 3"

"d3-color@1 - 3", d3-color@3:
  version "3.1.0"
  resolved "https://registry.yarnpkg.com/d3-color/-/d3-color-3.1.0.tgz#395b2833dfac71507f12ac2f7af23bf819de24e2"
  integrity sha512-zg/chbXyeBtMQ1LbD/WSoW2DpC3I0mpmPdW+ynRTj/x2DAWYrIY7qeZIHidozwV24m4iavr15lNwIwLxRmOxhA==

d3-contour@3:
  version "3.0.1"
  resolved "https://registry.yarnpkg.com/d3-contour/-/d3-contour-3.0.1.tgz#2c64255d43059599cd0dba8fe4cc3d51ccdd9bbd"
  integrity sha512-0Oc4D0KyhwhM7ZL0RMnfGycLN7hxHB8CMmwZ3+H26PWAG0ozNuYG5hXSDNgmP1SgJkQMrlG6cP20HoaSbvcJTQ==
  dependencies:
    d3-array "2 - 3"

d3-delaunay@6:
  version "6.0.2"
  resolved "https://registry.yarnpkg.com/d3-delaunay/-/d3-delaunay-6.0.2.tgz#7fd3717ad0eade2fc9939f4260acfb503f984e92"
  integrity sha512-IMLNldruDQScrcfT+MWnazhHbDJhcRJyOEBAJfwQnHle1RPh6WDuLvxNArUju2VSMSUuKlY5BGHRJ2cYyoFLQQ==
  dependencies:
    delaunator "5"

"d3-dispatch@1 - 3", d3-dispatch@3:
  version "3.0.1"
  resolved "https://registry.yarnpkg.com/d3-dispatch/-/d3-dispatch-3.0.1.tgz#5fc75284e9c2375c36c839411a0cf550cbfc4d5e"
  integrity sha512-rzUyPU/S7rwUflMyLc1ETDeBj0NRuHKKAcvukozwhshr6g6c5d8zh4c2gQjY2bZ0dXeGLWc1PF174P2tVvKhfg==

"d3-drag@2 - 3", d3-drag@3:
  version "3.0.0"
  resolved "https://registry.yarnpkg.com/d3-drag/-/d3-drag-3.0.0.tgz#994aae9cd23c719f53b5e10e3a0a6108c69607ba"
  integrity sha512-pWbUJLdETVA8lQNJecMxoXfH6x+mO2UQo8rSmZ+QqxcbyA3hfeprFgIT//HW2nlHChWeIIMwS2Fq+gEARkhTkg==
  dependencies:
    d3-dispatch "1 - 3"
    d3-selection "3"

"d3-dsv@1 - 3", d3-dsv@3:
  version "3.0.1"
  resolved "https://registry.yarnpkg.com/d3-dsv/-/d3-dsv-3.0.1.tgz#c63af978f4d6a0d084a52a673922be2160789b73"
  integrity sha512-UG6OvdI5afDIFP9w4G0mNq50dSOsXHJaRE8arAS5o9ApWnIElp8GZw1Dun8vP8OyHOZ/QJUKUJwxiiCCnUwm+Q==
  dependencies:
    commander "7"
    iconv-lite "0.6"
    rw "1"

"d3-ease@1 - 3", d3-ease@3:
  version "3.0.1"
  resolved "https://registry.yarnpkg.com/d3-ease/-/d3-ease-3.0.1.tgz#9658ac38a2140d59d346160f1f6c30fda0bd12f4"
  integrity sha512-wR/XK3D3XcLIZwpbvQwQ5fK+8Ykds1ip7A2Txe0yxncXSdq1L9skcG7blcedkOX+ZcgxGAmLX1FrRGbADwzi0w==

d3-fetch@3:
  version "3.0.1"
  resolved "https://registry.yarnpkg.com/d3-fetch/-/d3-fetch-3.0.1.tgz#83141bff9856a0edb5e38de89cdcfe63d0a60a22"
  integrity sha512-kpkQIM20n3oLVBKGg6oHrUchHM3xODkTzjMoj7aWQFq5QEM+R6E4WkzT5+tojDY7yjez8KgCBRoj4aEr99Fdqw==
  dependencies:
    d3-dsv "1 - 3"

d3-force@3:
  version "3.0.0"
  resolved "https://registry.yarnpkg.com/d3-force/-/d3-force-3.0.0.tgz#3e2ba1a61e70888fe3d9194e30d6d14eece155c4"
  integrity sha512-zxV/SsA+U4yte8051P4ECydjD/S+qeYtnaIyAs9tgHCqfguma/aAQDjo85A9Z6EKhBirHRJHXIgJUlffT4wdLg==
  dependencies:
    d3-dispatch "1 - 3"
    d3-quadtree "1 - 3"
    d3-timer "1 - 3"

"d3-format@1 - 3", d3-format@3:
  version "3.1.0"
  resolved "https://registry.yarnpkg.com/d3-format/-/d3-format-3.1.0.tgz#9260e23a28ea5cb109e93b21a06e24e2ebd55641"
  integrity sha512-YyUI6AEuY/Wpt8KWLgZHsIU86atmikuoOmCfommt0LYHiQSPjvX2AcFc38PX0CBpr2RCyZhjex+NS/LPOv6YqA==

d3-geo@3:
  version "3.0.1"
  resolved "https://registry.yarnpkg.com/d3-geo/-/d3-geo-3.0.1.tgz#4f92362fd8685d93e3b1fae0fd97dc8980b1ed7e"
  integrity sha512-Wt23xBych5tSy9IYAM1FR2rWIBFWa52B/oF/GYe5zbdHrg08FU8+BuI6X4PvTwPDdqdAdq04fuWJpELtsaEjeA==
  dependencies:
    d3-array "2.5.0 - 3"

d3-hierarchy@3:
  version "3.1.2"
  resolved "https://registry.yarnpkg.com/d3-hierarchy/-/d3-hierarchy-3.1.2.tgz#b01cd42c1eed3d46db77a5966cf726f8c09160c6"
  integrity sha512-FX/9frcub54beBdugHjDCdikxThEqjnR93Qt7PvQTOHxyiNCAlvMrHhclk3cD5VeAaq9fxmfRp+CnWw9rEMBuA==

"d3-interpolate@1 - 3", "d3-interpolate@1.2.0 - 3", d3-interpolate@3:
  version "3.0.1"
  resolved "https://registry.yarnpkg.com/d3-interpolate/-/d3-interpolate-3.0.1.tgz#3c47aa5b32c5b3dfb56ef3fd4342078a632b400d"
  integrity sha512-3bYs1rOD33uo8aqJfKP3JWPAibgw8Zm2+L9vBKEHJ2Rg+viTR7o5Mmv5mZcieN+FRYaAOWX5SJATX6k1PWz72g==
  dependencies:
    d3-color "1 - 3"

"d3-path@1 - 3", d3-path@3:
  version "3.0.1"
  resolved "https://registry.yarnpkg.com/d3-path/-/d3-path-3.0.1.tgz#f09dec0aaffd770b7995f1a399152bf93052321e"
  integrity sha512-gq6gZom9AFZby0YLduxT1qmrp4xpBA1YZr19OI717WIdKE2OM5ETq5qrHLb301IgxhLwcuxvGZVLeeWc/k1I6w==

d3-polygon@3:
  version "3.0.1"
  resolved "https://registry.yarnpkg.com/d3-polygon/-/d3-polygon-3.0.1.tgz#0b45d3dd1c48a29c8e057e6135693ec80bf16398"
  integrity sha512-3vbA7vXYwfe1SYhED++fPUQlWSYTTGmFmQiany/gdbiWgU/iEyQzyymwL9SkJjFFuCS4902BSzewVGsHHmHtXg==

"d3-quadtree@1 - 3", d3-quadtree@3:
  version "3.0.1"
  resolved "https://registry.yarnpkg.com/d3-quadtree/-/d3-quadtree-3.0.1.tgz#6dca3e8be2b393c9a9d514dabbd80a92deef1a4f"
  integrity sha512-04xDrxQTDTCFwP5H6hRhsRcb9xxv2RzkcsygFzmkSIOJy3PeRJP7sNk3VRIbKXcog561P9oU0/rVH6vDROAgUw==

d3-random@3:
  version "3.0.1"
  resolved "https://registry.yarnpkg.com/d3-random/-/d3-random-3.0.1.tgz#d4926378d333d9c0bfd1e6fa0194d30aebaa20f4"
  integrity sha512-FXMe9GfxTxqd5D6jFsQ+DJ8BJS4E/fT5mqqdjovykEB2oFbTMDVdg1MGFxfQW+FBOGoB++k8swBrgwSHT1cUXQ==

d3-scale-chromatic@3:
  version "3.0.0"
  resolved "https://registry.yarnpkg.com/d3-scale-chromatic/-/d3-scale-chromatic-3.0.0.tgz#15b4ceb8ca2bb0dcb6d1a641ee03d59c3b62376a"
  integrity sha512-Lx9thtxAKrO2Pq6OO2Ua474opeziKr279P/TKZsMAhYyNDD3EnCffdbgeSYN5O7m2ByQsxtuP2CSDczNUIZ22g==
  dependencies:
    d3-color "1 - 3"
    d3-interpolate "1 - 3"

d3-scale@4:
  version "4.0.2"
  resolved "https://registry.yarnpkg.com/d3-scale/-/d3-scale-4.0.2.tgz#82b38e8e8ff7080764f8dcec77bd4be393689396"
  integrity sha512-GZW464g1SH7ag3Y7hXjf8RoUuAFIqklOAq3MRl4OaWabTFJY9PN/E1YklhXLh+OQ3fM9yS2nOkCoS+WLZ6kvxQ==
  dependencies:
    d3-array "2.10.0 - 3"
    d3-format "1 - 3"
    d3-interpolate "1.2.0 - 3"
    d3-time "2.1.1 - 3"
    d3-time-format "2 - 4"

"d3-selection@2 - 3", d3-selection@3:
  version "3.0.0"
  resolved "https://registry.yarnpkg.com/d3-selection/-/d3-selection-3.0.0.tgz#c25338207efa72cc5b9bd1458a1a41901f1e1b31"
  integrity sha512-fmTRWbNMmsmWq6xJV8D19U/gw/bwrHfNXxrIN+HfZgnzqTHp9jOmKMhsTUjXOJnZOdZY9Q28y4yebKzqDKlxlQ==

d3-shape@3:
  version "3.1.0"
  resolved "https://registry.yarnpkg.com/d3-shape/-/d3-shape-3.1.0.tgz#c8a495652d83ea6f524e482fca57aa3f8bc32556"
  integrity sha512-tGDh1Muf8kWjEDT/LswZJ8WF85yDZLvVJpYU9Nq+8+yW1Z5enxrmXOhTArlkaElU+CTn0OTVNli+/i+HP45QEQ==
  dependencies:
    d3-path "1 - 3"

"d3-time-format@2 - 4", d3-time-format@4:
  version "4.1.0"
  resolved "https://registry.yarnpkg.com/d3-time-format/-/d3-time-format-4.1.0.tgz#7ab5257a5041d11ecb4fe70a5c7d16a195bb408a"
  integrity sha512-dJxPBlzC7NugB2PDLwo9Q8JiTR3M3e4/XANkreKSUxF8vvXKqm1Yfq4Q5dl8budlunRVlUUaDUgFt7eA8D6NLg==
  dependencies:
    d3-time "1 - 3"

"d3-time@1 - 3", "d3-time@2.1.1 - 3", d3-time@3:
  version "3.0.0"
  resolved "https://registry.yarnpkg.com/d3-time/-/d3-time-3.0.0.tgz#65972cb98ae2d4954ef5c932e8704061335d4975"
  integrity sha512-zmV3lRnlaLI08y9IMRXSDshQb5Nj77smnfpnd2LrBa/2K281Jijactokeak14QacHs/kKq0AQ121nidNYlarbQ==
  dependencies:
    d3-array "2 - 3"

"d3-timer@1 - 3", d3-timer@3:
  version "3.0.1"
  resolved "https://registry.yarnpkg.com/d3-timer/-/d3-timer-3.0.1.tgz#6284d2a2708285b1abb7e201eda4380af35e63b0"
  integrity sha512-ndfJ/JxxMd3nw31uyKoY2naivF+r29V+Lc0svZxe1JvvIRmi8hUsrMvdOwgS1o6uBHmiz91geQ0ylPP0aj1VUA==

"d3-transition@2 - 3", d3-transition@3:
  version "3.0.1"
  resolved "https://registry.yarnpkg.com/d3-transition/-/d3-transition-3.0.1.tgz#6869fdde1448868077fdd5989200cb61b2a1645f"
  integrity sha512-ApKvfjsSR6tg06xrL434C0WydLr7JewBB3V+/39RMHsaXTOG0zmt/OAXeng5M5LBm0ojmxJrpomQVZ1aPvBL4w==
  dependencies:
    d3-color "1 - 3"
    d3-dispatch "1 - 3"
    d3-ease "1 - 3"
    d3-interpolate "1 - 3"
    d3-timer "1 - 3"

d3-zoom@3:
  version "3.0.0"
  resolved "https://registry.yarnpkg.com/d3-zoom/-/d3-zoom-3.0.0.tgz#d13f4165c73217ffeaa54295cd6969b3e7aee8f3"
  integrity sha512-b8AmV3kfQaqWAuacbPuNbL6vahnOJflOhexLzMMNLga62+/nh0JzvJ0aO/5a5MVgUFGS7Hu1P9P03o3fJkDCyw==
  dependencies:
    d3-dispatch "1 - 3"
    d3-drag "2 - 3"
    d3-interpolate "1 - 3"
    d3-selection "2 - 3"
    d3-transition "2 - 3"

d3@^7.4.2:
  version "7.4.2"
  resolved "https://registry.yarnpkg.com/d3/-/d3-7.4.2.tgz#c5d1001459dc9517bc774949f71b95e8735b3b4e"
  integrity sha512-7VK+QBAWtNDbP2EU/ThkXgjd0u1MsXYYgCK2ElQ4BBWh0usE75tHVVeYx47m2pqQEy4isYKAA0tAFSln0l+9EQ==
  dependencies:
    d3-array "3"
    d3-axis "3"
    d3-brush "3"
    d3-chord "3"
    d3-color "3"
    d3-contour "3"
    d3-delaunay "6"
    d3-dispatch "3"
    d3-drag "3"
    d3-dsv "3"
    d3-ease "3"
    d3-fetch "3"
    d3-force "3"
    d3-format "3"
    d3-geo "3"
    d3-hierarchy "3"
    d3-interpolate "3"
    d3-path "3"
    d3-polygon "3"
    d3-quadtree "3"
    d3-random "3"
    d3-scale "4"
    d3-scale-chromatic "3"
    d3-selection "3"
    d3-shape "3"
    d3-time "3"
    d3-time-format "4"
    d3-timer "3"
    d3-transition "3"
    d3-zoom "3"

delaunator@5:
  version "5.0.0"
  resolved "https://registry.yarnpkg.com/delaunator/-/delaunator-5.0.0.tgz#60f052b28bd91c9b4566850ebf7756efe821d81b"
  integrity sha512-AyLvtyJdbv/U1GkiS6gUUzclRoAY4Gs75qkMygJJhU75LW4DNuSF2RMzpxs9jw9Oz1BobHjTdkG3zdP55VxAqw==
  dependencies:
    robust-predicates "^3.0.0"

esbuild-android-64@0.14.32:
  version "0.14.32"
  resolved "https://registry.yarnpkg.com/esbuild-android-64/-/esbuild-android-64-0.14.32.tgz#cf23a9c6052bb48901f5541c7e5a4168495fca36"
  integrity sha512-q1qjB2UcoWehR9Yp9dO2RdJUeLLrXAYsbOU4tkYa+GmJzxTwuvOrMdvaemsXYqb7F4STVTca9KpfqGicEChtUg==

esbuild-android-arm64@0.14.32:
  version "0.14.32"
  resolved "https://registry.yarnpkg.com/esbuild-android-arm64/-/esbuild-android-arm64-0.14.32.tgz#5840407c8d8b577eea847eecce8df9610c0f58fd"
  integrity sha512-bs1uu+RuM15f8yjFc0FhPDE/6NID4fKl7beDVsGCme6Q8ld2IzRXmp5QaHurlcH93PFyQnUgVvdahIWgtK2QZw==

esbuild-darwin-64@0.14.32:
  version "0.14.32"
  resolved "https://registry.yarnpkg.com/esbuild-darwin-64/-/esbuild-darwin-64-0.14.32.tgz#c6defc12a60f27408f1a30bb233c9d0e66ea2a55"
  integrity sha512-6MekflAld28wYtzanwZTxQlxMPeYw/yv1ToFG2hpo3LGxOIE2mBD5IJaMCcyy1//EYvGnGToO3p6XKdbS8E1QQ==

esbuild-darwin-arm64@0.14.32:
  version "0.14.32"
  resolved "https://registry.yarnpkg.com/esbuild-darwin-arm64/-/esbuild-darwin-arm64-0.14.32.tgz#fc878496516a90fc4982ee7cf8f2d2f484dbd64a"
  integrity sha512-BHYIjiPDYQTD+4zwqdqRo+I2bbg3fn9mah/gZm4SCCy+7uwTTYOYobIunHT7wVCgxnFCr50PJUdaMrEoCImRbw==

esbuild-freebsd-64@0.14.32:
  version "0.14.32"
  resolved "https://registry.yarnpkg.com/esbuild-freebsd-64/-/esbuild-freebsd-64-0.14.32.tgz#c136e8e8bab8e7ea95a7fbe4b689d2c940bf48f2"
  integrity sha512-6BOBhtfAf9AlfjL1AvtfVOxwY82tHPfYrA0lskJpFjfiEMGTLU6e0vdOwb4+4x++gGz49azuGK0woYqdfL03uw==

esbuild-freebsd-arm64@0.14.32:
  version "0.14.32"
  resolved "https://registry.yarnpkg.com/esbuild-freebsd-arm64/-/esbuild-freebsd-arm64-0.14.32.tgz#46668a10e5a51665ed800b10a02b757bf6bc6fbf"
  integrity sha512-zIRR4gKQW56p/xLM8TlpxVBNiX0w3VoR9ZxfH4nrfJ7QiL0SYHRy8YPL5C7zMWRjSze2WxQRHfS9bHKdVrVXBw==

esbuild-linux-32@0.14.32:
  version "0.14.32"
  resolved "https://registry.yarnpkg.com/esbuild-linux-32/-/esbuild-linux-32-0.14.32.tgz#ac51a64f26f638618ff62a1a966babe065bc54cc"
  integrity sha512-kn0AkGtPvzA6xiv93/mavvZ7DVinu/ewh2F2S0/8mE8/PXi3D4+svZ6V3beV5DIH7vcHVuGhoooWav8HPF04tg==

esbuild-linux-64@0.14.32:
  version "0.14.32"
  resolved "https://registry.yarnpkg.com/esbuild-linux-64/-/esbuild-linux-64-0.14.32.tgz#a3dfeb772f339fb34f0ff61df753a70a01be243a"
  integrity sha512-Ie+PMvrPj/HCOmSc0QubKttDxP2iBtPzDu+b+V3HGDGwkGmVpDkyXx1NXp5LjkIphIay2QekMwy1dSw3KDqCew==

esbuild-linux-arm64@0.14.32:
  version "0.14.32"
  resolved "https://registry.yarnpkg.com/esbuild-linux-arm64/-/esbuild-linux-arm64-0.14.32.tgz#df2fead5c0d9228eede866359f35b3e0eef4e192"
  integrity sha512-ykoqKaxX95nB+lk2K/+qxr0ke+BxkeVi0yKOnymCR5Ive7IZDHa4BJX53NEGSBKLfWPwKE6SXTz8qcEewSntoA==

esbuild-linux-arm@0.14.32:
  version "0.14.32"
  resolved "https://registry.yarnpkg.com/esbuild-linux-arm/-/esbuild-linux-arm-0.14.32.tgz#64633aa6491e91d935324cf041795ebce18c071b"
  integrity sha512-R/Bvn/YQNDyvfN0SERh/I7hKPqN+nSSruQdVeiYEJ+jc3fUi73jXYAscpTQgIBeER/yXnEsgJGU/UQ9+sscr7A==

esbuild-linux-mips64le@0.14.32:
  version "0.14.32"
  resolved "https://registry.yarnpkg.com/esbuild-linux-mips64le/-/esbuild-linux-mips64le-0.14.32.tgz#f0a7a083e8fdfb6e4edffb93ec27de2c5d732f01"
  integrity sha512-IilnlBexpHpt/5po0cle/L/S6CYnwaq23UuAqWzxp+opHLOCNnyANpC1jOoP551aRx4JuZ7z3xZZ7bYQZB147w==

esbuild-linux-ppc64le@0.14.32:
  version "0.14.32"
  resolved "https://registry.yarnpkg.com/esbuild-linux-ppc64le/-/esbuild-linux-ppc64le-0.14.32.tgz#dc22b766dd4ddd20c28febe36e8b92b9c11faa63"
  integrity sha512-TR6l5nWZbfq7jSY+1vsiQjT4m67NWplNhbX6GBieZq6DBt0nTx1XgTZAdKROF7jTuaK7YrCYlPXtfO3w86Mysw==

esbuild-linux-riscv64@0.14.32:
  version "0.14.32"
  resolved "https://registry.yarnpkg.com/esbuild-linux-riscv64/-/esbuild-linux-riscv64-0.14.32.tgz#0ae09eee847de5993cbe1529591d5ca17c7303c5"
  integrity sha512-aSOcUzTeIAslfri8e+bMpyzQuxhcIiNhWyuCGGXum2PtxwYiUqR8/UCMYfwYtYkhr1yABOFOfs83mm9KBy5qCQ==

esbuild-linux-s390x@0.14.32:
  version "0.14.32"
  resolved "https://registry.yarnpkg.com/esbuild-linux-s390x/-/esbuild-linux-s390x-0.14.32.tgz#1297f9f130cd93495e7ce25c63a79dab223b89de"
  integrity sha512-dNlip+EvexxKjRZitFCWCd7DVk64c7R5ySr8aFEMHCb/RriNiyDxYJGzYWm4EMJsMRMupMUHlMY64BAa3Op9FA==

esbuild-netbsd-64@0.14.32:
  version "0.14.32"
  resolved "https://registry.yarnpkg.com/esbuild-netbsd-64/-/esbuild-netbsd-64-0.14.32.tgz#902bf5ba7c54db9c7274f019c4d006b1b963fb7d"
  integrity sha512-Pa3QByYqxzlBFQQQhjYBPg3WUfSjwibqzh1hC6mPDRUHnCeUcrLoBuIiG4xqOYEpQM9/kDowIBsrGIQEVWWdQA==

esbuild-openbsd-64@0.14.32:
  version "0.14.32"
  resolved "https://registry.yarnpkg.com/esbuild-openbsd-64/-/esbuild-openbsd-64-0.14.32.tgz#0fbfbdf555deeb05a8915daf0b71168d09773437"
  integrity sha512-uWKKqpCjkMY8TCIobFvaSETonQY3OrmgnoTCC3tF+lvMoneYjppB6akx7L5Xv0kP+1tnSbrIof1ca8PfqGUyjw==

esbuild-sunos-64@0.14.32:
  version "0.14.32"
  resolved "https://registry.yarnpkg.com/esbuild-sunos-64/-/esbuild-sunos-64-0.14.32.tgz#d493ca5222703dd0b8c489324d1517cd622618e8"
  integrity sha512-Ar+u3mBk0oVV4Fwv/qlinJZNIPPtTBSG+1W42o8lOaVxJ+rJgecDoeUN+5uyd9at0BK1SVrQ1qZ4wjHKB0qFpQ==

esbuild-windows-32@0.14.32:
  version "0.14.32"
  resolved "https://registry.yarnpkg.com/esbuild-windows-32/-/esbuild-windows-32-0.14.32.tgz#c6b0f4cf952c6f562a32fe763acab9fb8cb3912a"
  integrity sha512-rLMsbflMY6Hjh3rmQnCDVZahJQ7n+XfT6o1+no5pHRpDlMh38MHthgGh35q+EcOMgrGP3ppnw70rhJq80SaYTQ==

esbuild-windows-64@0.14.32:
  version "0.14.32"
  resolved "https://registry.yarnpkg.com/esbuild-windows-64/-/esbuild-windows-64-0.14.32.tgz#2ad9322a963fd26bb4818ad1c0ee7acde63ebb81"
  integrity sha512-OHnMMxYufVgLXIMnwLynLMKguHMrsVnWcehieSP9i6ZX31KEsOFYWrorcnTWOn4rbZVLSL10ofxLuVIgRW3SWw==

esbuild-windows-arm64@0.14.32:
  version "0.14.32"
  resolved "https://registry.yarnpkg.com/esbuild-windows-arm64/-/esbuild-windows-arm64-0.14.32.tgz#bb589106c0fd5d582cce62bd7995a6e5db52e7b4"
  integrity sha512-ddavy6IPUBySMfqDfG243TgtuqwQBNJQJPVaA4DaavmMfpBsUxFrSV+HzBWXTKU3I9EcuoEvIATLuQ7NJKxjwg==

esbuild@^0.14.27:
  version "0.14.32"
  resolved "https://registry.yarnpkg.com/esbuild/-/esbuild-0.14.32.tgz#f55245ccd4b820707147ac4cc69a2c3e1a76af03"
  integrity sha512-RuzVUP/bkStmnVHK6Gh3gjaMjfXNLqBqvYVDiS9JKl5KdRdRLUeW5Wo8NrbL7cL6CW7Cyak7SvACqyPOBuA8vA==
  optionalDependencies:
    esbuild-android-64 "0.14.32"
    esbuild-android-arm64 "0.14.32"
    esbuild-darwin-64 "0.14.32"
    esbuild-darwin-arm64 "0.14.32"
    esbuild-freebsd-64 "0.14.32"
    esbuild-freebsd-arm64 "0.14.32"
    esbuild-linux-32 "0.14.32"
    esbuild-linux-64 "0.14.32"
    esbuild-linux-arm "0.14.32"
    esbuild-linux-arm64 "0.14.32"
    esbuild-linux-mips64le "0.14.32"
    esbuild-linux-ppc64le "0.14.32"
    esbuild-linux-riscv64 "0.14.32"
    esbuild-linux-s390x "0.14.32"
    esbuild-netbsd-64 "0.14.32"
    esbuild-openbsd-64 "0.14.32"
    esbuild-sunos-64 "0.14.32"
    esbuild-windows-32 "0.14.32"
    esbuild-windows-64 "0.14.32"
    esbuild-windows-arm64 "0.14.32"

fsevents@~2.3.2:
  version "2.3.2"
  resolved "https://registry.yarnpkg.com/fsevents/-/fsevents-2.3.2.tgz#8a526f78b8fdf4623b709e0b975c52c24c02fd1a"
  integrity sha512-xiqMQR4xAeHTuB9uWm+fFRcIOgKBMiOBP+eXiyT7jsgVCq1bkVygt00oASowB7EdtpOHaaPgKt812P9ab+DDKA==

function-bind@^1.1.1:
  version "1.1.1"
  resolved "https://registry.yarnpkg.com/function-bind/-/function-bind-1.1.1.tgz#a56899d3ea3c9bab874bb9773b7c5ede92f4895d"
  integrity sha512-yIovAzMX49sF8Yl58fSCWJ5svSLuaibPxXQJFLmBObTuCr0Mf1KiPopGM9NiFjiYBCbfaa2Fh6breQ6ANVTI0A==

has@^1.0.3:
  version "1.0.3"
  resolved "https://registry.yarnpkg.com/has/-/has-1.0.3.tgz#722d7cbfc1f6aa8241f16dd814e011e1f41e8796"
  integrity sha512-f2dvO0VU6Oej7RkWJGrehjbzMAjFp5/VKPp5tTpWIV4JHHZK1/BxbFRtf/siA2SWTe09caDmVtYYzWEIbBS4zw==
  dependencies:
    function-bind "^1.1.1"

iconv-lite@0.6:
  version "0.6.3"
  resolved "https://registry.yarnpkg.com/iconv-lite/-/iconv-lite-0.6.3.tgz#a52f80bf38da1952eb5c681790719871a1a72501"
  integrity sha512-4fCk79wshMdzMp2rH06qWrJE4iolqLhCUH+OiuIgU++RB0+94NlDL81atO7GX55uUKueo0txHNtvEyI6D7WdMw==
  dependencies:
    safer-buffer ">= 2.1.2 < 3.0.0"

"internmap@1 - 2":
  version "2.0.3"
  resolved "https://registry.yarnpkg.com/internmap/-/internmap-2.0.3.tgz#6685f23755e43c524e251d29cbc97248e3061009"
  integrity sha512-5Hh7Y1wQbvY5ooGgPbDaL5iYLAPzMTUrjMulskHLH6wnv/A+1q5rgEaiuqEjB+oxGXIVZs1FF+R/KPN3ZSQYYg==

is-core-module@^2.8.1:
  version "2.8.1"
  resolved "https://registry.yarnpkg.com/is-core-module/-/is-core-module-2.8.1.tgz#f59fdfca701d5879d0a6b100a40aa1560ce27211"
  integrity sha512-SdNCUs284hr40hFTFP6l0IfZ/RSrMXF3qgoRHd3/79unUTvrFO/JoXwkGm+5J/Oe3E/b5GsnG330uUNgRpu1PA==
  dependencies:
    has "^1.0.3"

nanoid@^3.3.1:
  version "3.3.2"
  resolved "https://registry.yarnpkg.com/nanoid/-/nanoid-3.3.2.tgz#c89622fafb4381cd221421c69ec58547a1eec557"
  integrity sha512-CuHBogktKwpm5g2sRgv83jEy2ijFzBwMoYA60orPDR7ynsLijJDqgsi4RDGj3OJpy3Ieb+LYwiRmIOGyytgITA==

path-parse@^1.0.7:
  version "1.0.7"
  resolved "https://registry.yarnpkg.com/path-parse/-/path-parse-1.0.7.tgz#fbc114b60ca42b30d9daf5858e4bd68bbedb6735"
  integrity sha512-LDJzPVEEEPR+y48z93A0Ed0yXb8pAByGWo/k5YYdYgpY2/2EsOsksJrq7lOHxryrVOn1ejG6oAp8ahvOIQD8sw==

picocolors@^1.0.0:
  version "1.0.0"
  resolved "https://registry.yarnpkg.com/picocolors/-/picocolors-1.0.0.tgz#cb5bdc74ff3f51892236eaf79d68bc44564ab81c"
  integrity sha512-1fygroTLlHu66zi26VoTDv8yRgm0Fccecssto+MhsZ0D/DGW2sm8E8AjW7NU5VVTRt5GxbeZ5qBuJr+HyLYkjQ==

postcss-nested@^5.0.6:
  version "5.0.6"
  resolved "https://registry.yarnpkg.com/postcss-nested/-/postcss-nested-5.0.6.tgz#466343f7fc8d3d46af3e7dba3fcd47d052a945bc"
  integrity sha512-rKqm2Fk0KbA8Vt3AdGN0FB9OBOMDVajMG6ZCf/GoHgdxUJ4sBFp0A/uMIRm+MJUdo33YXEtjqIz8u7DAp8B7DA==
  dependencies:
    postcss-selector-parser "^6.0.6"

postcss-selector-parser@^6.0.6:
  version "6.0.10"
  resolved "https://registry.yarnpkg.com/postcss-selector-parser/-/postcss-selector-parser-6.0.10.tgz#79b61e2c0d1bfc2602d549e11d0876256f8df88d"
  integrity sha512-IQ7TZdoaqbT+LCpShg46jnZVlhWD2w6iQYAcYXfHARZ7X1t/UGhhceQDs5X0cGqKvYlHNOuv7Oa1xmb0oQuA3w==
  dependencies:
    cssesc "^3.0.0"
    util-deprecate "^1.0.2"

postcss@^8.4.12:
  version "8.4.12"
  resolved "https://registry.yarnpkg.com/postcss/-/postcss-8.4.12.tgz#1e7de78733b28970fa4743f7da6f3763648b1905"
  integrity sha512-lg6eITwYe9v6Hr5CncVbK70SoioNQIq81nsaG86ev5hAidQvmOeETBqs7jm43K2F5/Ley3ytDtriImV6TpNiSg==
  dependencies:
    nanoid "^3.3.1"
    picocolors "^1.0.0"
    source-map-js "^1.0.2"

prettier@^2.6.2:
  version "2.6.2"
  resolved "https://registry.yarnpkg.com/prettier/-/prettier-2.6.2.tgz#e26d71a18a74c3d0f0597f55f01fb6c06c206032"
  integrity sha512-PkUpF+qoXTqhOeWL9fu7As8LXsIUZ1WYaJiY/a7McAQzxjk82OF0tibkFXVCDImZtWxbvojFjerkiLb0/q8mew==

resolve@^1.22.0:
  version "1.22.0"
  resolved "https://registry.yarnpkg.com/resolve/-/resolve-1.22.0.tgz#5e0b8c67c15df57a89bdbabe603a002f21731198"
  integrity sha512-Hhtrw0nLeSrFQ7phPp4OOcVjLPIeMnRlr5mcnVuMe7M/7eBn98A3hmFRLoFo3DLZkivSYwhRUJTyPyWAk56WLw==
  dependencies:
    is-core-module "^2.8.1"
    path-parse "^1.0.7"
    supports-preserve-symlinks-flag "^1.0.0"

robust-predicates@^3.0.0:
  version "3.0.1"
  resolved "https://registry.yarnpkg.com/robust-predicates/-/robust-predicates-3.0.1.tgz#ecde075044f7f30118682bd9fb3f123109577f9a"
  integrity sha512-ndEIpszUHiG4HtDsQLeIuMvRsDnn8c8rYStabochtUeCvfuvNptb5TUbVD68LRAILPX7p9nqQGh4xJgn3EHS/g==

rollup@^2.59.0:
  version "2.70.1"
  resolved "https://registry.yarnpkg.com/rollup/-/rollup-2.70.1.tgz#824b1f1f879ea396db30b0fc3ae8d2fead93523e"
  integrity sha512-CRYsI5EuzLbXdxC6RnYhOuRdtz4bhejPMSWjsFLfVM/7w/85n2szZv6yExqUXsBdz5KT8eoubeyDUDjhLHEslA==
  optionalDependencies:
    fsevents "~2.3.2"

rw@1:
  version "1.3.3"
  resolved "https://registry.yarnpkg.com/rw/-/rw-1.3.3.tgz#3f862dfa91ab766b14885ef4d01124bfda074fb4"
  integrity sha1-P4Yt+pGrdmsUiF700BEkv9oHT7Q=

"safer-buffer@>= 2.1.2 < 3.0.0":
  version "2.1.2"
  resolved "https://registry.yarnpkg.com/safer-buffer/-/safer-buffer-2.1.2.tgz#44fa161b0187b9549dd84bb91802f9bd8385cd6a"
  integrity sha512-YZo3K82SD7Riyi0E1EQPojLz7kpepnSQI9IyPbHHg1XXXevb5dJI7tpyN2ADxGcQbHG7vcyRHk0cbwqcQriUtg==

source-map-js@^1.0.2:
  version "1.0.2"
  resolved "https://registry.yarnpkg.com/source-map-js/-/source-map-js-1.0.2.tgz#adbc361d9c62df380125e7f161f71c826f1e490c"
  integrity sha512-R0XvVJ9WusLiqTCEiGCmICCMplcCkIwwR11mOSD9CR5u+IXYdiseeEuXCVAjS54zqwkLcPNnmU4OeJ6tUrWhDw==

supports-preserve-symlinks-flag@^1.0.0:
  version "1.0.0"
  resolved "https://registry.yarnpkg.com/supports-preserve-symlinks-flag/-/supports-preserve-symlinks-flag-1.0.0.tgz#6eda4bd344a3c94aea376d4cc31bc77311039e09"
  integrity sha512-ot0WnXS9fgdkgIcePe6RHNk1WA8+muPa6cSjeR3V8K27q9BB1rTE3R1p7Hv0z1ZyAc8s6Vvv8DIyWf681MAt0w==

util-deprecate@^1.0.2:
  version "1.0.2"
  resolved "https://registry.yarnpkg.com/util-deprecate/-/util-deprecate-1.0.2.tgz#450d4dc9fa70de732762fbd2d4a28981419a0ccf"
  integrity sha1-RQ1Nyfpw3nMnYvvS1KKJgUGaDM8=

vite@^2.9.1:
  version "2.9.1"
  resolved "https://registry.yarnpkg.com/vite/-/vite-2.9.1.tgz#84bce95fae210a7beb566a0af06246748066b48f"
  integrity sha512-vSlsSdOYGcYEJfkQ/NeLXgnRv5zZfpAsdztkIrs7AZHV8RCMZQkwjo4DS5BnrYTqoWqLoUe1Cah4aVO4oNNqCQ==
  dependencies:
    esbuild "^0.14.27"
    postcss "^8.4.12"
    resolve "^1.22.0"
    rollup "^2.59.0"
  optionalDependencies:
    fsevents "~2.3.2"
